
Microsoft Visual Studio Solution File, Format Version 12.00
# Visual Studio Version 17
VisualStudioVersion = 17.5.33516.290
MinimumVisualStudioVersion = 10.0.40219.1
Project("{9A19103F-16F7-4668-BE54-9A1E7A4F7556}") = "Bach.Model", "src\Bach.Model\Bach.Model.csproj", "{68BB6A6E-E7E3-4BBE-A729-AFE012665689}"
EndProject
Project("{9A19103F-16F7-4668-BE54-9A1E7A4F7556}") = "Bach.Model.Test", "src\Bach.Model.Test\Bach.Model.Test.csproj", "{110D627B-3CC3-40EA-B213-B338E03C7C17}"
EndProject
Project("{9A19103F-16F7-4668-BE54-9A1E7A4F7556}") = "Bach.Cli", "src\Bach.Cli\Bach.Cli.csproj", "{A20B4855-CE8B-4266-82B0-1DC867830F7B}"
EndProject
Project("{2150E333-8FDC-42A3-9474-1A3956D46DE8}") = "Solution Items", "Solution Items", "{8AFA9D67-FBA4-4F3E-A750-712C0D85C26D}"
	ProjectSection(SolutionItems) = preProject
		.editorconfig = .editorconfig
		GitVersion.yml = GitVersion.yml
		LICENSE = LICENSE
		README.md = README.md
	EndProjectSection
EndProject
Project("{2150E333-8FDC-42A3-9474-1A3956D46DE8}") = "GitHub", "GitHub", "{4D95A49A-ABE8-4E0B-9146-F023BA73F487}"
	ProjectSection(SolutionItems) = preProject
		.github\CODEOWNERS = .github\CODEOWNERS
	EndProjectSection
EndProject
Project("{2150E333-8FDC-42A3-9474-1A3956D46DE8}") = "Actions", "Actions", "{96AE218D-B0C4-4722-A756-85333B1FC799}"
	ProjectSection(SolutionItems) = preProject
		.github\workflows\BuildAndTest.yml = .github\workflows\BuildAndTest.yml
		.github\workflows\CacheDotNet.yml = .github\workflows\CacheDotNet.yml
		.github\workflows\DocsOnlyBuild.yml = .github\workflows\DocsOnlyBuild.yml
	EndProjectSection
EndProject
Project("{2150E333-8FDC-42A3-9474-1A3956D46DE8}") = "Docs", "Docs", "{256A7400-C2B6-49C8-B326-AE87F59986D5}"
	ProjectSection(SolutionItems) = preProject
		docs\docfx.json = docs\docfx.json
		docs\index.md = docs\index.md
		docs\toc.yml = docs\toc.yml
	EndProjectSection
EndProject
Project("{2150E333-8FDC-42A3-9474-1A3956D46DE8}") = "Api", "Api", "{94A0BB7C-9CA8-4103-A914-FD1BD85ECCD7}"
	ProjectSection(SolutionItems) = preProject
		docs\api\index.md = docs\api\index.md
	EndProjectSection
EndProject
Global
	GlobalSection(SolutionConfigurationPlatforms) = preSolution
		Debug|Any CPU = Debug|Any CPU
		Release|Any CPU = Release|Any CPU
	EndGlobalSection
	GlobalSection(ProjectConfigurationPlatforms) = postSolution
		{68BB6A6E-E7E3-4BBE-A729-AFE012665689}.Debug|Any CPU.ActiveCfg = Debug|Any CPU
		{68BB6A6E-E7E3-4BBE-A729-AFE012665689}.Debug|Any CPU.Build.0 = Debug|Any CPU
		{68BB6A6E-E7E3-4BBE-A729-AFE012665689}.Release|Any CPU.ActiveCfg = Release|Any CPU
		{68BB6A6E-E7E3-4BBE-A729-AFE012665689}.Release|Any CPU.Build.0 = Release|Any CPU
		{110D627B-3CC3-40EA-B213-B338E03C7C17}.Debug|Any CPU.ActiveCfg = Debug|Any CPU
		{110D627B-3CC3-40EA-B213-B338E03C7C17}.Debug|Any CPU.Build.0 = Debug|Any CPU
		{110D627B-3CC3-40EA-B213-B338E03C7C17}.Release|Any CPU.ActiveCfg = Release|Any CPU
		{110D627B-3CC3-40EA-B213-B338E03C7C17}.Release|Any CPU.Build.0 = Release|Any CPU
		{A20B4855-CE8B-4266-82B0-1DC867830F7B}.Debug|Any CPU.ActiveCfg = Debug|Any CPU
		{A20B4855-CE8B-4266-82B0-1DC867830F7B}.Debug|Any CPU.Build.0 = Debug|Any CPU
		{A20B4855-CE8B-4266-82B0-1DC867830F7B}.Release|Any CPU.ActiveCfg = Release|Any CPU
		{A20B4855-CE8B-4266-82B0-1DC867830F7B}.Release|Any CPU.Build.0 = Release|Any CPU
	EndGlobalSection
	GlobalSection(SolutionProperties) = preSolution
		HideSolutionNode = FALSE
	EndGlobalSection
	GlobalSection(NestedProjects) = preSolution
		{4D95A49A-ABE8-4E0B-9146-F023BA73F487} = {8AFA9D67-FBA4-4F3E-A750-712C0D85C26D}
		{96AE218D-B0C4-4722-A756-85333B1FC799} = {4D95A49A-ABE8-4E0B-9146-F023BA73F487}
		{256A7400-C2B6-49C8-B326-AE87F59986D5} = {8AFA9D67-FBA4-4F3E-A750-712C0D85C26D}
		{94A0BB7C-9CA8-4103-A914-FD1BD85ECCD7} = {256A7400-C2B6-49C8-B326-AE87F59986D5}
	EndGlobalSection
	GlobalSection(ExtensibilityGlobals) = postSolution
		SolutionGuid = {2CA46BEC-D959-4B3F-820D-1D59AAAD36BC}
	EndGlobalSection
EndGlobal
